
Microsoft Visual Studio Solution File, Format Version 12.00
# Visual Studio Version 17
VisualStudioVersion = 17.10.35122.118
MinimumVisualStudioVersion = 10.0.40219.1
Project("{FAE04EC0-301F-11D3-BF4B-00C04F79EFBC}") = "Cliente_Transportes Gen 9", "Cliente_Transportes Gen 9.csproj", "{288888AC-91C5-41E6-98E6-9A9076DD8DDD}"
EndProject
Global
	GlobalSection(SolutionConfigurationPlatforms) = preSolution
		Debug|Any CPU = Debug|Any CPU
		Release|Any CPU = Release|Any CPU
	EndGlobalSection
	GlobalSection(ProjectConfigurationPlatforms) = postSolution
		{288888AC-91C5-41E6-98E6-9A9076DD8DDD}.Debug|Any CPU.ActiveCfg = Debug|Any CPU
		{288888AC-91C5-41E6-98E6-9A9076DD8DDD}.Debug|Any CPU.Build.0 = Debug|Any CPU
		{288888AC-91C5-41E6-98E6-9A9076DD8DDD}.Release|Any CPU.ActiveCfg = Release|Any CPU
		{288888AC-91C5-41E6-98E6-9A9076DD8DDD}.Release|Any CPU.Build.0 = Release|Any CPU
	EndGlobalSection
	GlobalSection(SolutionProperties) = preSolution
		HideSolutionNode = FALSE
	EndGlobalSection
	GlobalSection(ExtensibilityGlobals) = postSolution
		SolutionGuid = {CBC31467-00A4-4C3A-843F-D7977DDB90FD}
	EndGlobalSection
EndGlobal
